
Microsoft Visual Studio Solution File, Format Version 12.00
# Visual Studio 15
VisualStudioVersion = 15.0.27130.2027
MinimumVisualStudioVersion = 10.0.40219.1
Project("{CC5FD16D-436D-48AD-A40C-5A424C6E3E79}") = "RPLabAlert", "RPLabAlert\RPLabAlert.ccproj", "{0664713D-AE0B-4E68-AE66-344A140CD7D5}"
EndProject
Project("{FAE04EC0-301F-11D3-BF4B-00C04F79EFBC}") = "TempAlert", "TempAlert\TempAlert.csproj", "{AAA9310D-18BE-487E-A0AC-EC4B4CC16C4E}"
EndProject
Global
	GlobalSection(SolutionConfigurationPlatforms) = preSolution
		Debug|Any CPU = Debug|Any CPU
		Release|Any CPU = Release|Any CPU
	EndGlobalSection
	GlobalSection(ProjectConfigurationPlatforms) = postSolution
		{0664713D-AE0B-4E68-AE66-344A140CD7D5}.Debug|Any CPU.ActiveCfg = Debug|Any CPU
		{0664713D-AE0B-4E68-AE66-344A140CD7D5}.Debug|Any CPU.Build.0 = Debug|Any CPU
		{0664713D-AE0B-4E68-AE66-344A140CD7D5}.Release|Any CPU.ActiveCfg = Release|Any CPU
		{0664713D-AE0B-4E68-AE66-344A140CD7D5}.Release|Any CPU.Build.0 = Release|Any CPU
		{AAA9310D-18BE-487E-A0AC-EC4B4CC16C4E}.Debug|Any CPU.ActiveCfg = Debug|Any CPU
		{AAA9310D-18BE-487E-A0AC-EC4B4CC16C4E}.Debug|Any CPU.Build.0 = Debug|Any CPU
		{AAA9310D-18BE-487E-A0AC-EC4B4CC16C4E}.Release|Any CPU.ActiveCfg = Release|Any CPU
		{AAA9310D-18BE-487E-A0AC-EC4B4CC16C4E}.Release|Any CPU.Build.0 = Release|Any CPU
	EndGlobalSection
	GlobalSection(SolutionProperties) = preSolution
		HideSolutionNode = FALSE
	EndGlobalSection
	GlobalSection(ExtensibilityGlobals) = postSolution
		SolutionGuid = {7EFAAEFF-CA24-48F7-9820-B8FDE22F3F3A}
	EndGlobalSection
EndGlobal
