
Microsoft Visual Studio Solution File, Format Version 12.00
# Visual Studio 15
VisualStudioVersion = 15.0.27130.2036
MinimumVisualStudioVersion = 10.0.40219.1
Project("{9A19103F-16F7-4668-BE54-9A1E7A4F7556}") = "CreateDeviceIdentity", "CreateDeviceIdentity\CreateDeviceIdentity.csproj", "{C9400466-B8E5-494E-9CAC-294AFC3B6B30}"
EndProject
Project("{9A19103F-16F7-4668-BE54-9A1E7A4F7556}") = "ReadDeviceToCloudMessages", "ReadDeviceToCloudMessages\ReadDeviceToCloudMessages.csproj", "{814BC34E-E152-46B4-A0EC-8363CFB41098}"
EndProject
Project("{9A19103F-16F7-4668-BE54-9A1E7A4F7556}") = "SimulatedDevice", "SimulatedDevice\SimulatedDevice.csproj", "{ADF1961C-660F-4711-8053-93DCEF900D51}"
EndProject
Project("{9A19103F-16F7-4668-BE54-9A1E7A4F7556}") = "SendCloudToDevice", "SendCloudToDevice\SendCloudToDevice.csproj", "{3CC88E52-5BDB-4BAD-B5F8-81DAAD9B9C27}"
EndProject
Project("{9A19103F-16F7-4668-BE54-9A1E7A4F7556}") = "SendDirectMethodCall", "SendDirectMethodCall\SendDirectMethodCall.csproj", "{BC5AC382-4FFB-4619-B7C5-BDF61AFC5F11}"
EndProject
Project("{FAE04EC0-301F-11D3-BF4B-00C04F79EFBC}") = "IotHubNotifications", "IotHubNotificationsHandler\IotHubNotifications.csproj", "{38EECD56-C484-4A71-89EE-613DA0211F7E}"
EndProject
Global
	GlobalSection(SolutionConfigurationPlatforms) = preSolution
		Debug|Any CPU = Debug|Any CPU
		Debug|x64 = Debug|x64
		Release|Any CPU = Release|Any CPU
		Release|x64 = Release|x64
	EndGlobalSection
	GlobalSection(ProjectConfigurationPlatforms) = postSolution
		{C9400466-B8E5-494E-9CAC-294AFC3B6B30}.Debug|Any CPU.ActiveCfg = Debug|Any CPU
		{C9400466-B8E5-494E-9CAC-294AFC3B6B30}.Debug|Any CPU.Build.0 = Debug|Any CPU
		{C9400466-B8E5-494E-9CAC-294AFC3B6B30}.Debug|x64.ActiveCfg = Debug|Any CPU
		{C9400466-B8E5-494E-9CAC-294AFC3B6B30}.Debug|x64.Build.0 = Debug|Any CPU
		{C9400466-B8E5-494E-9CAC-294AFC3B6B30}.Release|Any CPU.ActiveCfg = Release|Any CPU
		{C9400466-B8E5-494E-9CAC-294AFC3B6B30}.Release|Any CPU.Build.0 = Release|Any CPU
		{C9400466-B8E5-494E-9CAC-294AFC3B6B30}.Release|x64.ActiveCfg = Release|Any CPU
		{C9400466-B8E5-494E-9CAC-294AFC3B6B30}.Release|x64.Build.0 = Release|Any CPU
		{814BC34E-E152-46B4-A0EC-8363CFB41098}.Debug|Any CPU.ActiveCfg = Debug|Any CPU
		{814BC34E-E152-46B4-A0EC-8363CFB41098}.Debug|Any CPU.Build.0 = Debug|Any CPU
		{814BC34E-E152-46B4-A0EC-8363CFB41098}.Debug|x64.ActiveCfg = Debug|Any CPU
		{814BC34E-E152-46B4-A0EC-8363CFB41098}.Debug|x64.Build.0 = Debug|Any CPU
		{814BC34E-E152-46B4-A0EC-8363CFB41098}.Release|Any CPU.ActiveCfg = Release|Any CPU
		{814BC34E-E152-46B4-A0EC-8363CFB41098}.Release|Any CPU.Build.0 = Release|Any CPU
		{814BC34E-E152-46B4-A0EC-8363CFB41098}.Release|x64.ActiveCfg = Release|Any CPU
		{814BC34E-E152-46B4-A0EC-8363CFB41098}.Release|x64.Build.0 = Release|Any CPU
		{ADF1961C-660F-4711-8053-93DCEF900D51}.Debug|Any CPU.ActiveCfg = Debug|Any CPU
		{ADF1961C-660F-4711-8053-93DCEF900D51}.Debug|Any CPU.Build.0 = Debug|Any CPU
		{ADF1961C-660F-4711-8053-93DCEF900D51}.Debug|x64.ActiveCfg = Debug|Any CPU
		{ADF1961C-660F-4711-8053-93DCEF900D51}.Debug|x64.Build.0 = Debug|Any CPU
		{ADF1961C-660F-4711-8053-93DCEF900D51}.Release|Any CPU.ActiveCfg = Release|Any CPU
		{ADF1961C-660F-4711-8053-93DCEF900D51}.Release|Any CPU.Build.0 = Release|Any CPU
		{ADF1961C-660F-4711-8053-93DCEF900D51}.Release|x64.ActiveCfg = Release|Any CPU
		{ADF1961C-660F-4711-8053-93DCEF900D51}.Release|x64.Build.0 = Release|Any CPU
		{3CC88E52-5BDB-4BAD-B5F8-81DAAD9B9C27}.Debug|Any CPU.ActiveCfg = Debug|Any CPU
		{3CC88E52-5BDB-4BAD-B5F8-81DAAD9B9C27}.Debug|Any CPU.Build.0 = Debug|Any CPU
		{3CC88E52-5BDB-4BAD-B5F8-81DAAD9B9C27}.Debug|x64.ActiveCfg = Debug|Any CPU
		{3CC88E52-5BDB-4BAD-B5F8-81DAAD9B9C27}.Debug|x64.Build.0 = Debug|Any CPU
		{3CC88E52-5BDB-4BAD-B5F8-81DAAD9B9C27}.Release|Any CPU.ActiveCfg = Release|Any CPU
		{3CC88E52-5BDB-4BAD-B5F8-81DAAD9B9C27}.Release|Any CPU.Build.0 = Release|Any CPU
		{3CC88E52-5BDB-4BAD-B5F8-81DAAD9B9C27}.Release|x64.ActiveCfg = Release|Any CPU
		{3CC88E52-5BDB-4BAD-B5F8-81DAAD9B9C27}.Release|x64.Build.0 = Release|Any CPU
		{BC5AC382-4FFB-4619-B7C5-BDF61AFC5F11}.Debug|Any CPU.ActiveCfg = Debug|Any CPU
		{BC5AC382-4FFB-4619-B7C5-BDF61AFC5F11}.Debug|Any CPU.Build.0 = Debug|Any CPU
		{BC5AC382-4FFB-4619-B7C5-BDF61AFC5F11}.Debug|x64.ActiveCfg = Debug|Any CPU
		{BC5AC382-4FFB-4619-B7C5-BDF61AFC5F11}.Debug|x64.Build.0 = Debug|Any CPU
		{BC5AC382-4FFB-4619-B7C5-BDF61AFC5F11}.Release|Any CPU.ActiveCfg = Release|Any CPU
		{BC5AC382-4FFB-4619-B7C5-BDF61AFC5F11}.Release|Any CPU.Build.0 = Release|Any CPU
		{BC5AC382-4FFB-4619-B7C5-BDF61AFC5F11}.Release|x64.ActiveCfg = Release|Any CPU
		{BC5AC382-4FFB-4619-B7C5-BDF61AFC5F11}.Release|x64.Build.0 = Release|Any CPU
		{38EECD56-C484-4A71-89EE-613DA0211F7E}.Debug|Any CPU.ActiveCfg = Debug|Any CPU
		{38EECD56-C484-4A71-89EE-613DA0211F7E}.Debug|Any CPU.Build.0 = Debug|Any CPU
		{38EECD56-C484-4A71-89EE-613DA0211F7E}.Debug|x64.ActiveCfg = Debug|Any CPU
		{38EECD56-C484-4A71-89EE-613DA0211F7E}.Debug|x64.Build.0 = Debug|Any CPU
		{38EECD56-C484-4A71-89EE-613DA0211F7E}.Release|Any CPU.ActiveCfg = Release|Any CPU
		{38EECD56-C484-4A71-89EE-613DA0211F7E}.Release|Any CPU.Build.0 = Release|Any CPU
		{38EECD56-C484-4A71-89EE-613DA0211F7E}.Release|x64.ActiveCfg = Release|Any CPU
		{38EECD56-C484-4A71-89EE-613DA0211F7E}.Release|x64.Build.0 = Release|Any CPU
	EndGlobalSection
	GlobalSection(SolutionProperties) = preSolution
		HideSolutionNode = FALSE
	EndGlobalSection
	GlobalSection(ExtensibilityGlobals) = postSolution
		EnterpriseLibraryConfigurationToolBinariesPathV6 = packages\EnterpriseLibrary.TransientFaultHandling.6.0.1304.0\lib\portable-net45+win+wp8
		SolutionGuid = {E9F88E6B-D23F-4D4F-A931-2C1EE17118FE}
	EndGlobalSection
EndGlobal
